// !$*UTF8*$!
{
	archiveVersion = 1;
	classes = {
	};
	objectVersion = 46;
	objects = {

/* Begin PBXBuildFile section */
		2D7D67531A216744002ED83A /* AppDelegate.swift in Sources */ = {isa = PBXBuildFile; fileRef = 2D7D67521A216744002ED83A /* AppDelegate.swift */; };
		2D7D67551A216744002ED83A /* ViewController.swift in Sources */ = {isa = PBXBuildFile; fileRef = 2D7D67541A216744002ED83A /* ViewController.swift */; };
		2D7D67581A216744002ED83A /* Main.storyboard in Resources */ = {isa = PBXBuildFile; fileRef = 2D7D67561A216744002ED83A /* Main.storyboard */; };
		2D7D675A1A216744002ED83A /* Images.xcassets in Resources */ = {isa = PBXBuildFile; fileRef = 2D7D67591A216744002ED83A /* Images.xcassets */; };
		2D7D675D1A216744002ED83A /* LaunchScreen.xib in Resources */ = {isa = PBXBuildFile; fileRef = 2D7D675B1A216744002ED83A /* LaunchScreen.xib */; };
		2D7D67691A216744002ED83A /* parsingTests.swift in Sources */ = {isa = PBXBuildFile; fileRef = 2D7D67681A216744002ED83A /* parsingTests.swift */; };
		2D7D67731A216820002ED83A /* AudioToolbox.framework in Frameworks */ = {isa = PBXBuildFile; fileRef = 2D7D67721A216820002ED83A /* AudioToolbox.framework */; };
		2D7D67751A216829002ED83A /* CFNetwork.framework in Frameworks */ = {isa = PBXBuildFile; fileRef = 2D7D67741A216829002ED83A /* CFNetwork.framework */; };
		2D7D67771A216832002ED83A /* CoreGraphics.framework in Frameworks */ = {isa = PBXBuildFile; fileRef = 2D7D67761A216832002ED83A /* CoreGraphics.framework */; };
		2D7D67791A21683A002ED83A /* CoreLocation.framework in Frameworks */ = {isa = PBXBuildFile; fileRef = 2D7D67781A21683A002ED83A /* CoreLocation.framework */; };
		2D7D677B1A216844002ED83A /* MobileCoreServices.framework in Frameworks */ = {isa = PBXBuildFile; fileRef = 2D7D677A1A216844002ED83A /* MobileCoreServices.framework */; };
		2D7D677D1A21684E002ED83A /* QuartzCore.framework in Frameworks */ = {isa = PBXBuildFile; fileRef = 2D7D677C1A21684E002ED83A /* QuartzCore.framework */; };
		2D7D677F1A216856002ED83A /* Security.framework in Frameworks */ = {isa = PBXBuildFile; fileRef = 2D7D677E1A216856002ED83A /* Security.framework */; };
		2D7D67811A21685E002ED83A /* StoreKit.framework in Frameworks */ = {isa = PBXBuildFile; fileRef = 2D7D67801A21685E002ED83A /* StoreKit.framework */; };
		2D7D67831A216867002ED83A /* SystemConfiguration.framework in Frameworks */ = {isa = PBXBuildFile; fileRef = 2D7D67821A216867002ED83A /* SystemConfiguration.framework */; };
		2D7D67851A216872002ED83A /* libz.dylib in Frameworks */ = {isa = PBXBuildFile; fileRef = 2D7D67841A216872002ED83A /* libz.dylib */; };
		2D7D67871A21689C002ED83A /* Bolts.framework in Frameworks */ = {isa = PBXBuildFile; fileRef = 2D7D67861A21689C002ED83A /* Bolts.framework */; };
		2D7D67891A2168A8002ED83A /* Parse.framework in Frameworks */ = {isa = PBXBuildFile; fileRef = 2D7D67881A2168A8002ED83A /* Parse.framework */; };
		2D7D678B1A2168B2002ED83A /* ParseFacebookUtils.framework in Frameworks */ = {isa = PBXBuildFile; fileRef = 2D7D678A1A2168B2002ED83A /* ParseFacebookUtils.framework */; };
		2D7D678D1A2168E2002ED83A /* ParseUI.framework in Frameworks */ = {isa = PBXBuildFile; fileRef = 2D7D678C1A2168E2002ED83A /* ParseUI.framework */; };
/* End PBXBuildFile section */

/* Begin PBXContainerItemProxy section */
		2D7D67631A216744002ED83A /* PBXContainerItemProxy */ = {
			isa = PBXContainerItemProxy;
			containerPortal = 2D7D67451A216744002ED83A /* Project object */;
			proxyType = 1;
			remoteGlobalIDString = 2D7D674C1A216744002ED83A;
			remoteInfo = parsing;
		};
/* End PBXContainerItemProxy section */

/* Begin PBXFileReference section */
		2D7D674D1A216744002ED83A /* parsing.app */ = {isa = PBXFileReference; explicitFileType = wrapper.application; includeInIndex = 0; path = parsing.app; sourceTree = BUILT_PRODUCTS_DIR; };
		2D7D67511A216744002ED83A /* Info.plist */ = {isa = PBXFileReference; lastKnownFileType = text.plist.xml; path = Info.plist; sourceTree = "<group>"; };
		2D7D67521A216744002ED83A /* AppDelegate.swift */ = {isa = PBXFileReference; lastKnownFileType = sourcecode.swift; path = AppDelegate.swift; sourceTree = "<group>"; };
		2D7D67541A216744002ED83A /* ViewController.swift */ = {isa = PBXFileReference; lastKnownFileType = sourcecode.swift; path = ViewController.swift; sourceTree = "<group>"; };
		2D7D67571A216744002ED83A /* Base */ = {isa = PBXFileReference; lastKnownFileType = file.storyboard; name = Base; path = Base.lproj/Main.storyboard; sourceTree = "<group>"; };
		2D7D67591A216744002ED83A /* Images.xcassets */ = {isa = PBXFileReference; lastKnownFileType = folder.assetcatalog; path = Images.xcassets; sourceTree = "<group>"; };
		2D7D675C1A216744002ED83A /* Base */ = {isa = PBXFileReference; lastKnownFileType = file.xib; name = Base; path = Base.lproj/LaunchScreen.xib; sourceTree = "<group>"; };
		2D7D67621A216744002ED83A /* parsingTests.xctest */ = {isa = PBXFileReference; explicitFileType = wrapper.cfbundle; includeInIndex = 0; path = parsingTests.xctest; sourceTree = BUILT_PRODUCTS_DIR; };
		2D7D67671A216744002ED83A /* Info.plist */ = {isa = PBXFileReference; lastKnownFileType = text.plist.xml; path = Info.plist; sourceTree = "<group>"; };
		2D7D67681A216744002ED83A /* parsingTests.swift */ = {isa = PBXFileReference; lastKnownFileType = sourcecode.swift; path = parsingTests.swift; sourceTree = "<group>"; };
		2D7D67721A216820002ED83A /* AudioToolbox.framework */ = {isa = PBXFileReference; lastKnownFileType = wrapper.framework; name = AudioToolbox.framework; path = System/Library/Frameworks/AudioToolbox.framework; sourceTree = SDKROOT; };
		2D7D67741A216829002ED83A /* CFNetwork.framework */ = {isa = PBXFileReference; lastKnownFileType = wrapper.framework; name = CFNetwork.framework; path = System/Library/Frameworks/CFNetwork.framework; sourceTree = SDKROOT; };
		2D7D67761A216832002ED83A /* CoreGraphics.framework */ = {isa = PBXFileReference; lastKnownFileType = wrapper.framework; name = CoreGraphics.framework; path = System/Library/Frameworks/CoreGraphics.framework; sourceTree = SDKROOT; };
		2D7D67781A21683A002ED83A /* CoreLocation.framework */ = {isa = PBXFileReference; lastKnownFileType = wrapper.framework; name = CoreLocation.framework; path = System/Library/Frameworks/CoreLocation.framework; sourceTree = SDKROOT; };
		2D7D677A1A216844002ED83A /* MobileCoreServices.framework */ = {isa = PBXFileReference; lastKnownFileType = wrapper.framework; name = MobileCoreServices.framework; path = System/Library/Frameworks/MobileCoreServices.framework; sourceTree = SDKROOT; };
		2D7D677C1A21684E002ED83A /* QuartzCore.framework */ = {isa = PBXFileReference; lastKnownFileType = wrapper.framework; name = QuartzCore.framework; path = System/Library/Frameworks/QuartzCore.framework; sourceTree = SDKROOT; };
		2D7D677E1A216856002ED83A /* Security.framework */ = {isa = PBXFileReference; lastKnownFileType = wrapper.framework; name = Security.framework; path = System/Library/Frameworks/Security.framework; sourceTree = SDKROOT; };
		2D7D67801A21685E002ED83A /* StoreKit.framework */ = {isa = PBXFileReference; lastKnownFileType = wrapper.framework; name = StoreKit.framework; path = System/Library/Frameworks/StoreKit.framework; sourceTree = SDKROOT; };
		2D7D67821A216867002ED83A /* SystemConfiguration.framework */ = {isa = PBXFileReference; lastKnownFileType = wrapper.framework; name = SystemConfiguration.framework; path = System/Library/Frameworks/SystemConfiguration.framework; sourceTree = SDKROOT; };
		2D7D67841A216872002ED83A /* libz.dylib */ = {isa = PBXFileReference; lastKnownFileType = "compiled.mach-o.dylib"; name = libz.dylib; path = usr/lib/libz.dylib; sourceTree = SDKROOT; };
		2D7D67861A21689C002ED83A /* Bolts.framework */ = {isa = PBXFileReference; lastKnownFileType = wrapper.framework; name = Bolts.framework; path = parsing/Bolts.framework; sourceTree = "<group>"; };
		2D7D67881A2168A8002ED83A /* Parse.framework */ = {isa = PBXFileReference; lastKnownFileType = wrapper.framework; name = Parse.framework; path = parsing/Parse.framework; sourceTree = "<group>"; };
		2D7D678A1A2168B2002ED83A /* ParseFacebookUtils.framework */ = {isa = PBXFileReference; lastKnownFileType = wrapper.framework; name = ParseFacebookUtils.framework; path = parsing/ParseFacebookUtils.framework; sourceTree = "<group>"; };
		2D7D678C1A2168E2002ED83A /* ParseUI.framework */ = {isa = PBXFileReference; lastKnownFileType = wrapper.framework; name = ParseUI.framework; path = parsing/ParseUI.framework; sourceTree = "<group>"; };
		2D7D678E1A2168F8002ED83A /* parsing-Bridging-Header.h */ = {isa = PBXFileReference; lastKnownFileType = sourcecode.c.h; path = "parsing-Bridging-Header.h"; sourceTree = "<group>"; };
/* End PBXFileReference section */

/* Begin PBXFrameworksBuildPhase section */
		2D7D674A1A216744002ED83A /* Frameworks */ = {
			isa = PBXFrameworksBuildPhase;
			buildActionMask = 2147483647;
			files = (
				2D7D678D1A2168E2002ED83A /* ParseUI.framework in Frameworks */,
				2D7D678B1A2168B2002ED83A /* ParseFacebookUtils.framework in Frameworks */,
				2D7D67891A2168A8002ED83A /* Parse.framework in Frameworks */,
				2D7D67871A21689C002ED83A /* Bolts.framework in Frameworks */,
				2D7D67851A216872002ED83A /* libz.dylib in Frameworks */,
				2D7D67831A216867002ED83A /* SystemConfiguration.framework in Frameworks */,
				2D7D67811A21685E002ED83A /* StoreKit.framework in Frameworks */,
				2D7D677F1A216856002ED83A /* Security.framework in Frameworks */,
				2D7D677D1A21684E002ED83A /* QuartzCore.framework in Frameworks */,
				2D7D677B1A216844002ED83A /* MobileCoreServices.framework in Frameworks */,
				2D7D67791A21683A002ED83A /* CoreLocation.framework in Frameworks */,
				2D7D67771A216832002ED83A /* CoreGraphics.framework in Frameworks */,
				2D7D67751A216829002ED83A /* CFNetwork.framework in Frameworks */,
				2D7D67731A216820002ED83A /* AudioToolbox.framework in Frameworks */,
			);
			runOnlyForDeploymentPostprocessing = 0;
		};
		2D7D675F1A216744002ED83A /* Frameworks */ = {
			isa = PBXFrameworksBuildPhase;
			buildActionMask = 2147483647;
			files = (
			);
			runOnlyForDeploymentPostprocessing = 0;
		};
/* End PBXFrameworksBuildPhase section */

/* Begin PBXGroup section */
		2D7D67441A216744002ED83A = {
			isa = PBXGroup;
			children = (
				2D7D678C1A2168E2002ED83A /* ParseUI.framework */,
				2D7D678A1A2168B2002ED83A /* ParseFacebookUtils.framework */,
				2D7D67881A2168A8002ED83A /* Parse.framework */,
				2D7D67861A21689C002ED83A /* Bolts.framework */,
				2D7D67841A216872002ED83A /* libz.dylib */,
				2D7D67821A216867002ED83A /* SystemConfiguration.framework */,
				2D7D67801A21685E002ED83A /* StoreKit.framework */,
				2D7D677E1A216856002ED83A /* Security.framework */,
				2D7D677C1A21684E002ED83A /* QuartzCore.framework */,
				2D7D677A1A216844002ED83A /* MobileCoreServices.framework */,
				2D7D67781A21683A002ED83A /* CoreLocation.framework */,
				2D7D67761A216832002ED83A /* CoreGraphics.framework */,
				2D7D67741A216829002ED83A /* CFNetwork.framework */,
				2D7D67721A216820002ED83A /* AudioToolbox.framework */,
				2D7D674F1A216744002ED83A /* parsing */,
				2D7D67651A216744002ED83A /* parsingTests */,
				2D7D674E1A216744002ED83A /* Products */,
				2D7D678E1A2168F8002ED83A /* parsing-Bridging-Header.h */,
			);
			sourceTree = "<group>";
		};
		2D7D674E1A216744002ED83A /* Products */ = {
			isa = PBXGroup;
			children = (
				2D7D674D1A216744002ED83A /* parsing.app */,
				2D7D67621A216744002ED83A /* parsingTests.xctest */,
			);
			name = Products;
			sourceTree = "<group>";
		};
		2D7D674F1A216744002ED83A /* parsing */ = {
			isa = PBXGroup;
			children = (
				2D7D67521A216744002ED83A /* AppDelegate.swift */,
				2D7D67541A216744002ED83A /* ViewController.swift */,
				2D7D67561A216744002ED83A /* Main.storyboard */,
				2D7D67591A216744002ED83A /* Images.xcassets */,
				2D7D675B1A216744002ED83A /* LaunchScreen.xib */,
				2D7D67501A216744002ED83A /* Supporting Files */,
			);
			path = parsing;
			sourceTree = "<group>";
		};
		2D7D67501A216744002ED83A /* Supporting Files */ = {
			isa = PBXGroup;
			children = (
				2D7D67511A216744002ED83A /* Info.plist */,
			);
			name = "Supporting Files";
			sourceTree = "<group>";
		};
		2D7D67651A216744002ED83A /* parsingTests */ = {
			isa = PBXGroup;
			children = (
				2D7D67681A216744002ED83A /* parsingTests.swift */,
				2D7D67661A216744002ED83A /* Supporting Files */,
			);
			path = parsingTests;
			sourceTree = "<group>";
		};
		2D7D67661A216744002ED83A /* Supporting Files */ = {
			isa = PBXGroup;
			children = (
				2D7D67671A216744002ED83A /* Info.plist */,
			);
			name = "Supporting Files";
			sourceTree = "<group>";
		};
/* End PBXGroup section */

/* Begin PBXNativeTarget section */
		2D7D674C1A216744002ED83A /* parsing */ = {
			isa = PBXNativeTarget;
			buildConfigurationList = 2D7D676C1A216744002ED83A /* Build configuration list for PBXNativeTarget "parsing" */;
			buildPhases = (
				2D7D67491A216744002ED83A /* Sources */,
				2D7D674A1A216744002ED83A /* Frameworks */,
				2D7D674B1A216744002ED83A /* Resources */,
			);
			buildRules = (
			);
			dependencies = (
			);
			name = parsing;
			productName = parsing;
			productReference = 2D7D674D1A216744002ED83A /* parsing.app */;
			productType = "com.apple.product-type.application";
		};
		2D7D67611A216744002ED83A /* parsingTests */ = {
			isa = PBXNativeTarget;
			buildConfigurationList = 2D7D676F1A216744002ED83A /* Build configuration list for PBXNativeTarget "parsingTests" */;
			buildPhases = (
				2D7D675E1A216744002ED83A /* Sources */,
				2D7D675F1A216744002ED83A /* Frameworks */,
				2D7D67601A216744002ED83A /* Resources */,
			);
			buildRules = (
			);
			dependencies = (
				2D7D67641A216744002ED83A /* PBXTargetDependency */,
			);
			name = parsingTests;
			productName = parsingTests;
			productReference = 2D7D67621A216744002ED83A /* parsingTests.xctest */;
			productType = "com.apple.product-type.bundle.unit-test";
		};
/* End PBXNativeTarget section */

/* Begin PBXProject section */
		2D7D67451A216744002ED83A /* Project object */ = {
			isa = PBXProject;
			attributes = {
				LastUpgradeCheck = 0600;
				ORGANIZATIONNAME = "Erika V. Miguel";
				TargetAttributes = {
					2D7D674C1A216744002ED83A = {
						CreatedOnToolsVersion = 6.0;
					};
					2D7D67611A216744002ED83A = {
						CreatedOnToolsVersion = 6.0;
						TestTargetID = 2D7D674C1A216744002ED83A;
					};
				};
			};
			buildConfigurationList = 2D7D67481A216744002ED83A /* Build configuration list for PBXProject "parsing" */;
			compatibilityVersion = "Xcode 3.2";
			developmentRegion = English;
			hasScannedForEncodings = 0;
			knownRegions = (
				en,
				Base,
			);
			mainGroup = 2D7D67441A216744002ED83A;
			productRefGroup = 2D7D674E1A216744002ED83A /* Products */;
			projectDirPath = "";
			projectRoot = "";
			targets = (
				2D7D674C1A216744002ED83A /* parsing */,
				2D7D67611A216744002ED83A /* parsingTests */,
			);
		};
/* End PBXProject section */

/* Begin PBXResourcesBuildPhase section */
		2D7D674B1A216744002ED83A /* Resources */ = {
			isa = PBXResourcesBuildPhase;
			buildActionMask = 2147483647;
			files = (
				2D7D67581A216744002ED83A /* Main.storyboard in Resources */,
				2D7D675D1A216744002ED83A /* LaunchScreen.xib in Resources */,
				2D7D675A1A216744002ED83A /* Images.xcassets in Resources */,
			);
			runOnlyForDeploymentPostprocessing = 0;
		};
		2D7D67601A216744002ED83A /* Resources */ = {
			isa = PBXResourcesBuildPhase;
			buildActionMask = 2147483647;
			files = (
			);
			runOnlyForDeploymentPostprocessing = 0;
		};
/* End PBXResourcesBuildPhase section */

/* Begin PBXSourcesBuildPhase section */
		2D7D67491A216744002ED83A /* Sources */ = {
			isa = PBXSourcesBuildPhase;
			buildActionMask = 2147483647;
			files = (
				2D7D67551A216744002ED83A /* ViewController.swift in Sources */,
				2D7D67531A216744002ED83A /* AppDelegate.swift in Sources */,
			);
			runOnlyForDeploymentPostprocessing = 0;
		};
		2D7D675E1A216744002ED83A /* Sources */ = {
			isa = PBXSourcesBuildPhase;
			buildActionMask = 2147483647;
			files = (
				2D7D67691A216744002ED83A /* parsingTests.swift in Sources */,
			);
			runOnlyForDeploymentPostprocessing = 0;
		};
/* End PBXSourcesBuildPhase section */

/* Begin PBXTargetDependency section */
		2D7D67641A216744002ED83A /* PBXTargetDependency */ = {
			isa = PBXTargetDependency;
			target = 2D7D674C1A216744002ED83A /* parsing */;
			targetProxy = 2D7D67631A216744002ED83A /* PBXContainerItemProxy */;
		};
/* End PBXTargetDependency section */

/* Begin PBXVariantGroup section */
		2D7D67561A216744002ED83A /* Main.storyboard */ = {
			isa = PBXVariantGroup;
			children = (
				2D7D67571A216744002ED83A /* Base */,
			);
			name = Main.storyboard;
			sourceTree = "<group>";
		};
		2D7D675B1A216744002ED83A /* LaunchScreen.xib */ = {
			isa = PBXVariantGroup;
			children = (
				2D7D675C1A216744002ED83A /* Base */,
			);
			name = LaunchScreen.xib;
			sourceTree = "<group>";
		};
/* End PBXVariantGroup section */

/* Begin XCBuildConfiguration section */
		2D7D676A1A216744002ED83A /* Debug */ = {
			isa = XCBuildConfiguration;
			buildSettings = {
				ALWAYS_SEARCH_USER_PATHS = NO;
				CLANG_CXX_LANGUAGE_STANDARD = "gnu++0x";
				CLANG_CXX_LIBRARY = "libc++";
				CLANG_ENABLE_MODULES = YES;
				CLANG_ENABLE_OBJC_ARC = YES;
				CLANG_WARN_BOOL_CONVERSION = YES;
				CLANG_WARN_CONSTANT_CONVERSION = YES;
				CLANG_WARN_DIRECT_OBJC_ISA_USAGE = YES_ERROR;
				CLANG_WARN_EMPTY_BODY = YES;
				CLANG_WARN_ENUM_CONVERSION = YES;
				CLANG_WARN_INT_CONVERSION = YES;
				CLANG_WARN_OBJC_ROOT_CLASS = YES_ERROR;
				CLANG_WARN_UNREACHABLE_CODE = YES;
				CLANG_WARN__DUPLICATE_METHOD_MATCH = YES;
				"CODE_SIGN_IDENTITY[sdk=iphoneos*]" = "iPhone Developer";
				COPY_PHASE_STRIP = NO;
				ENABLE_STRICT_OBJC_MSGSEND = YES;
				GCC_C_LANGUAGE_STANDARD = gnu99;
				GCC_DYNAMIC_NO_PIC = NO;
				GCC_OPTIMIZATION_LEVEL = 0;
				GCC_PREPROCESSOR_DEFINITIONS = (
					"DEBUG=1",
					"$(inherited)",
				);
				GCC_SYMBOLS_PRIVATE_EXTERN = NO;
				GCC_WARN_64_TO_32_BIT_CONVERSION = YES;
				GCC_WARN_ABOUT_RETURN_TYPE = YES_ERROR;
				GCC_WARN_UNDECLARED_SELECTOR = YES;
				GCC_WARN_UNINITIALIZED_AUTOS = YES_AGGRESSIVE;
				GCC_WARN_UNUSED_FUNCTION = YES;
				GCC_WARN_UNUSED_VARIABLE = YES;
				IPHONEOS_DEPLOYMENT_TARGET = 8.0;
				MTL_ENABLE_DEBUG_INFO = YES;
				ONLY_ACTIVE_ARCH = YES;
				SDKROOT = iphoneos;
				SWIFT_OPTIMIZATION_LEVEL = "-Onone";
			};
			name = Debug;
		};
		2D7D676B1A216744002ED83A /* Release */ = {
			isa = XCBuildConfiguration;
			buildSettings = {
				ALWAYS_SEARCH_USER_PATHS = NO;
				CLANG_CXX_LANGUAGE_STANDARD = "gnu++0x";
				CLANG_CXX_LIBRARY = "libc++";
				CLANG_ENABLE_MODULES = YES;
				CLANG_ENABLE_OBJC_ARC = YES;
				CLANG_WARN_BOOL_CONVERSION = YES;
				CLANG_WARN_CONSTANT_CONVERSION = YES;
				CLANG_WARN_DIRECT_OBJC_ISA_USAGE = YES_ERROR;
				CLANG_WARN_EMPTY_BODY = YES;
				CLANG_WARN_ENUM_CONVERSION = YES;
				CLANG_WARN_INT_CONVERSION = YES;
				CLANG_WARN_OBJC_ROOT_CLASS = YES_ERROR;
				CLANG_WARN_UNREACHABLE_CODE = YES;
				CLANG_WARN__DUPLICATE_METHOD_MATCH = YES;
				"CODE_SIGN_IDENTITY[sdk=iphoneos*]" = "iPhone Developer";
				COPY_PHASE_STRIP = YES;
				ENABLE_NS_ASSERTIONS = NO;
				ENABLE_STRICT_OBJC_MSGSEND = YES;
				GCC_C_LANGUAGE_STANDARD = gnu99;
				GCC_WARN_64_TO_32_BIT_CONVERSION = YES;
				GCC_WARN_ABOUT_RETURN_TYPE = YES_ERROR;
				GCC_WARN_UNDECLARED_SELECTOR = YES;
				GCC_WARN_UNINITIALIZED_AUTOS = YES_AGGRESSIVE;
				GCC_WARN_UNUSED_FUNCTION = YES;
				GCC_WARN_UNUSED_VARIABLE = YES;
				IPHONEOS_DEPLOYMENT_TARGET = 8.0;
				MTL_ENABLE_DEBUG_INFO = NO;
				SDKROOT = iphoneos;
				VALIDATE_PRODUCT = YES;
			};
			name = Release;
		};
		2D7D676D1A216744002ED83A /* Debug */ = {
			isa = XCBuildConfiguration;
			buildSettings = {
				ASSETCATALOG_COMPILER_APPICON_NAME = AppIcon;
				CLANG_ENABLE_MODULES = YES;
				FRAMEWORK_SEARCH_PATHS = (
					"$(inherited)",
					"$(PROJECT_DIR)/parsing",
				);
				INFOPLIST_FILE = parsing/Info.plist;
				LD_RUNPATH_SEARCH_PATHS = "$(inherited) @executable_path/Frameworks";
				PRODUCT_NAME = "$(TARGET_NAME)";
				SWIFT_OBJC_BRIDGING_HEADER = "parsing-Bridging-Header.h";
				SWIFT_OPTIMIZATION_LEVEL = "-Onone";
			};
			name = Debug;
		};
		2D7D676E1A216744002ED83A /* Release */ = {
			isa = XCBuildConfiguration;
			buildSettings = {
				ASSETCATALOG_COMPILER_APPICON_NAME = AppIcon;
				CLANG_ENABLE_MODULES = YES;
				FRAMEWORK_SEARCH_PATHS = (
					"$(inherited)",
					"$(PROJECT_DIR)/parsing",
				);
				INFOPLIST_FILE = parsing/Info.plist;
				LD_RUNPATH_SEARCH_PATHS = "$(inherited) @executable_path/Frameworks";
				PRODUCT_NAME = "$(TARGET_NAME)";
				SWIFT_OBJC_BRIDGING_HEADER = "parsing-Bridging-Header.h";
			};
			name = Release;
		};
		2D7D67701A216744002ED83A /* Debug */ = {
			isa = XCBuildConfiguration;
			buildSettings = {
				BUNDLE_LOADER = "$(TEST_HOST)";
				FRAMEWORK_SEARCH_PATHS = (
					"$(SDKROOT)/Developer/Library/Frameworks",
					"$(inherited)",
				);
				GCC_PREPROCESSOR_DEFINITIONS = (
					"DEBUG=1",
					"$(inherited)",
				);
				INFOPLIST_FILE = parsingTests/Info.plist;
				LD_RUNPATH_SEARCH_PATHS = "$(inherited) @executable_path/Frameworks @loader_path/Frameworks";
				PRODUCT_NAME = "$(TARGET_NAME)";
				TEST_HOST = "$(BUILT_PRODUCTS_DIR)/parsing.app/parsing";
			};
			name = Debug;
		};
		2D7D67711A216744002ED83A /* Release */ = {
			isa = XCBuildConfiguration;
			buildSettings = {
				BUNDLE_LOADER = "$(TEST_HOST)";
				FRAMEWORK_SEARCH_PATHS = (
					"$(SDKROOT)/Developer/Library/Frameworks",
					"$(inherited)",
				);
				INFOPLIST_FILE = parsingTests/Info.plist;
				LD_RUNPATH_SEARCH_PATHS = "$(inherited) @executable_path/Frameworks @loader_path/Frameworks";
				PRODUCT_NAME = "$(TARGET_NAME)";
				TEST_HOST = "$(BUILT_PRODUCTS_DIR)/parsing.app/parsing";
			};
			name = Release;
		};
/* End XCBuildConfiguration section */

/* Begin XCConfigurationList section */
		2D7D67481A216744002ED83A /* Build configuration list for PBXProject "parsing" */ = {
			isa = XCConfigurationList;
			buildConfigurations = (
				2D7D676A1A216744002ED83A /* Debug */,
				2D7D676B1A216744002ED83A /* Release */,
			);
			defaultConfigurationIsVisible = 0;
			defaultConfigurationName = Release;
		};
		2D7D676C1A216744002ED83A /* Build configuration list for PBXNativeTarget "parsing" */ = {
			isa = XCConfigurationList;
			buildConfigurations = (
				2D7D676D1A216744002ED83A /* Debug */,
				2D7D676E1A216744002ED83A /* Release */,
			);
			defaultConfigurationIsVisible = 0;
		};
		2D7D676F1A216744002ED83A /* Build configuration list for PBXNativeTarget "parsingTests" */ = {
			isa = XCConfigurationList;
			buildConfigurations = (
				2D7D67701A216744002ED83A /* Debug */,
				2D7D67711A216744002ED83A /* Release */,
			);
			defaultConfigurationIsVisible = 0;
		};
/* End XCConfigurationList section */
	};
	rootObject = 2D7D67451A216744002ED83A /* Project object */;
}
